<Solution>
  <Folder Name="/src/">
    <Project Path="src/CodexGithubRouter/CodexGithubRouter.csproj" />
  </Folder>
  <Folder Name="/tests/">
    <Project Path="tests/CodexGithubRouter.Tests/CodexGithubRouter.Tests.csproj" />
  </Folder>
  <Folder Name="/tools/">
    <Project Path="tools/ReleaseVersionTool/ReleaseVersionTool.csproj" />
  </Folder>
</Solution>
